{
  "name": "CS326Team2",
  "lockfileVersion": 3,
  "requires": true,
  "packages": {
    "": {
      "name": "CS326Team2",
      "dependencies": {
        "tests": "^0.0.1"
      }
    },
    "node_modules/tests": {
      "version": "0.0.1",
      "resolved": "https://registry.npmjs.org/tests/-/tests-0.0.1.tgz",
      "integrity": "sha512-+VbTIXVw28w7S5M6t9D+ezLhHFfk4FkfF3/VV5AngbeqPsNvql/7rVT5qSY8235Rk6+zRX3Sa8k/wAeRBK7dVw==",
      "bin": {
        "tests": "bin/tests.js"
      },
      "engines": {
        "node": "*"
      }
    }
  }
}
